
Microsoft Visual Studio Solution File, Format Version 12.00
# Visual Studio 14
VisualStudioVersion = 14.0.25123.0
MinimumVisualStudioVersion = 10.0.40219.1
Project("{FAE04EC0-301F-11D3-BF4B-00C04F79EFBC}") = "FTPClient", "FtpClient\FTPClient.csproj", "{4560F48F-1733-4400-BFB7-8E3A82764BAE}"
EndProject
Global
	GlobalSection(SolutionConfigurationPlatforms) = preSolution
		Debug|Any CPU = Debug|Any CPU
		Release|Any CPU = Release|Any CPU
	EndGlobalSection
	GlobalSection(ProjectConfigurationPlatforms) = postSolution
		{4560F48F-1733-4400-BFB7-8E3A82764BAE}.Debug|Any CPU.ActiveCfg = Debug|Any CPU
		{4560F48F-1733-4400-BFB7-8E3A82764BAE}.Debug|Any CPU.Build.0 = Debug|Any CPU
		{4560F48F-1733-4400-BFB7-8E3A82764BAE}.Release|Any CPU.ActiveCfg = Release|Any CPU
		{4560F48F-1733-4400-BFB7-8E3A82764BAE}.Release|Any CPU.Build.0 = Release|Any CPU
	EndGlobalSection
	GlobalSection(SolutionProperties) = preSolution
		HideSolutionNode = FALSE
	EndGlobalSection
EndGlobal
